Microsoft Visual Studio Solution File, Format Version 12.00
# Visual Studio Version 17
VisualStudioVersion = 17.5.2.0
MinimumVisualStudioVersion = 10.0.40219.1
Project("{2150E333-8FDC-42A3-9474-1A3956D46DE8}") = "FramePerfect", "FramePerfect", "{439FD936-8CAD-710A-28DF-CF17632E8BDA}"
EndProject
Project("{2150E333-8FDC-42A3-9474-1A3956D46DE8}") = "overlay-electron", "overlay-electron", "{ACDE187A-4EB7-C6CF-CDF9-E3C01B16DD91}"
EndProject
Project("{2150E333-8FDC-42A3-9474-1A3956D46DE8}") = "tools", "tools", "{246B215E-3B85-F50A-FA84-DE36A5445912}"
EndProject
Project("{2150E333-8FDC-42A3-9474-1A3956D46DE8}") = "win", "win", "{34410A0D-215D-C67A-9CD9-230CC2BF6BF9}"
EndProject
Project("{FAE04EC0-301F-11D3-BF4B-00C04F79EFBC}") = "FpPad", "FramePerfect\overlay-electron\tools\win\FpPad\FpPad.csproj", "{7AC6448E-D4A4-EA05-2964-EB856B86FB2B}"
EndProject
Project("{FAE04EC0-301F-11D3-BF4B-00C04F79EFBC}") = "FpXRec", "FramePerfect\overlay-electron\tools\win\FpXRec\FpXRec.csproj", "{CF5698C0-243C-DA91-369C-2667D611518D}"
EndProject
Global
	GlobalSection(SolutionConfigurationPlatforms) = preSolution
		Debug|Any CPU = Debug|Any CPU
		Release|Any CPU = Release|Any CPU
	EndGlobalSection
	GlobalSection(ProjectConfigurationPlatforms) = postSolution
		{7AC6448E-D4A4-EA05-2964-EB856B86FB2B}.Debug|Any CPU.ActiveCfg = Debug|Any CPU
		{7AC6448E-D4A4-EA05-2964-EB856B86FB2B}.Debug|Any CPU.Build.0 = Debug|Any CPU
		{7AC6448E-D4A4-EA05-2964-EB856B86FB2B}.Release|Any CPU.ActiveCfg = Release|Any CPU
		{7AC6448E-D4A4-EA05-2964-EB856B86FB2B}.Release|Any CPU.Build.0 = Release|Any CPU
		{CF5698C0-243C-DA91-369C-2667D611518D}.Debug|Any CPU.ActiveCfg = Debug|Any CPU
		{CF5698C0-243C-DA91-369C-2667D611518D}.Debug|Any CPU.Build.0 = Debug|Any CPU
		{CF5698C0-243C-DA91-369C-2667D611518D}.Release|Any CPU.ActiveCfg = Release|Any CPU
		{CF5698C0-243C-DA91-369C-2667D611518D}.Release|Any CPU.Build.0 = Release|Any CPU
	EndGlobalSection
	GlobalSection(SolutionProperties) = preSolution
		HideSolutionNode = FALSE
	EndGlobalSection
	GlobalSection(NestedProjects) = preSolution
		{ACDE187A-4EB7-C6CF-CDF9-E3C01B16DD91} = {439FD936-8CAD-710A-28DF-CF17632E8BDA}
		{246B215E-3B85-F50A-FA84-DE36A5445912} = {ACDE187A-4EB7-C6CF-CDF9-E3C01B16DD91}
		{34410A0D-215D-C67A-9CD9-230CC2BF6BF9} = {246B215E-3B85-F50A-FA84-DE36A5445912}
		{7AC6448E-D4A4-EA05-2964-EB856B86FB2B} = {34410A0D-215D-C67A-9CD9-230CC2BF6BF9}
		{CF5698C0-243C-DA91-369C-2667D611518D} = {34410A0D-215D-C67A-9CD9-230CC2BF6BF9}
	EndGlobalSection
	GlobalSection(ExtensibilityGlobals) = postSolution
		SolutionGuid = {379AEB15-A5A5-4A66-9A4F-476FB68B1681}
	EndGlobalSection
EndGlobal
